
Microsoft Visual Studio Solution File, Format Version 12.00
# Visual Studio Version 17
VisualStudioVersion = 17.0.32126.317
MinimumVisualStudioVersion = 10.0.40219.1
Project("{FAE04EC0-301F-11D3-BF4B-00C04F79EFBC}") = "Bank_Application", "Bank_Application\Bank_Application.csproj", "{871F17A3-9846-468E-996B-115FF95C88B3}"
EndProject
Global
	GlobalSection(SolutionConfigurationPlatforms) = preSolution
		Debug|Any CPU = Debug|Any CPU
		Release|Any CPU = Release|Any CPU
	EndGlobalSection
	GlobalSection(ProjectConfigurationPlatforms) = postSolution
		{871F17A3-9846-468E-996B-115FF95C88B3}.Debug|Any CPU.ActiveCfg = Debug|Any CPU
		{871F17A3-9846-468E-996B-115FF95C88B3}.Debug|Any CPU.Build.0 = Debug|Any CPU
		{871F17A3-9846-468E-996B-115FF95C88B3}.Release|Any CPU.ActiveCfg = Release|Any CPU
		{871F17A3-9846-468E-996B-115FF95C88B3}.Release|Any CPU.Build.0 = Release|Any CPU
	EndGlobalSection
	GlobalSection(SolutionProperties) = preSolution
		HideSolutionNode = FALSE
	EndGlobalSection
	GlobalSection(ExtensibilityGlobals) = postSolution
		SolutionGuid = {042B7443-DA58-4E00-9A61-6EBE59DC67B7}
	EndGlobalSection
EndGlobal
